
Microsoft Visual Studio Solution File, Format Version 12.00
# Visual Studio Version 16
VisualStudioVersion = 16.0.30028.174
MinimumVisualStudioVersion = 10.0.40219.1
Project("{D954291E-2A0B-460D-934E-DC6B0785DB48}") = "GammaWorksClient.Shared", "GammaWorksClient\GammaWorksClient.Shared\GammaWorksClient.Shared.shproj", "{6279C845-92F8-4333-AB99-3D213163593C}"
EndProject
Project("{FAE04EC0-301F-11D3-BF4B-00C04F79EFBC}") = "GammaWorksClient.Droid", "GammaWorksClient\GammaWorksClient.Droid\GammaWorksClient.Droid.csproj", "{DF3538E4-C4FA-4E00-BB21-CF5EA1D55327}"
EndProject
Project("{FAE04EC0-301F-11D3-BF4B-00C04F79EFBC}") = "GammaWorksClient.iOS", "GammaWorksClient\GammaWorksClient.iOS\GammaWorksClient.iOS.csproj", "{0DD2419C-F11F-40DF-B578-FB0C64D44C83}"
EndProject
Project("{FAE04EC0-301F-11D3-BF4B-00C04F79EFBC}") = "GammaWorksClient.UWP", "GammaWorksClient\GammaWorksClient.UWP\GammaWorksClient.UWP.csproj", "{B569E40D-6ABA-4E60-BD1F-E531A72D855E}"
EndProject
Project("{9A19103F-16F7-4668-BE54-9A1E7A4F7556}") = "GammaWorksClient.Wasm", "GammaWorksClient\GammaWorksClient.Wasm\GammaWorksClient.Wasm.csproj", "{3E2F8638-0862-424E-BEC2-7D6C2D9B817C}"
EndProject
Global
	GlobalSection(SharedMSBuildProjectFiles) = preSolution
		GammaWorksClient\GammaWorksClient.Shared\GammaWorksClient.Shared.projitems*{0dd2419c-f11f-40df-b578-fb0c64d44c83}*SharedItemsImports = 4
		GammaWorksClient\GammaWorksClient.Shared\GammaWorksClient.Shared.projitems*{3e2f8638-0862-424e-bec2-7d6c2d9b817c}*SharedItemsImports = 5
		GammaWorksClient\GammaWorksClient.Shared\GammaWorksClient.Shared.projitems*{6279c845-92f8-4333-ab99-3d213163593c}*SharedItemsImports = 13
		GammaWorksClient\GammaWorksClient.Shared\GammaWorksClient.Shared.projitems*{b569e40d-6aba-4e60-bd1f-e531a72d855e}*SharedItemsImports = 4
		GammaWorksClient\GammaWorksClient.Shared\GammaWorksClient.Shared.projitems*{df3538e4-c4fa-4e00-bb21-cf5ea1d55327}*SharedItemsImports = 4
	EndGlobalSection
	GlobalSection(SolutionConfigurationPlatforms) = preSolution
		Ad-Hoc|Any CPU = Ad-Hoc|Any CPU
		Ad-Hoc|ARM = Ad-Hoc|ARM
		Ad-Hoc|ARM64 = Ad-Hoc|ARM64
		Ad-Hoc|iPhone = Ad-Hoc|iPhone
		Ad-Hoc|iPhoneSimulator = Ad-Hoc|iPhoneSimulator
		Ad-Hoc|x64 = Ad-Hoc|x64
		AppStore|Any CPU = AppStore|Any CPU
		AppStore|ARM = AppStore|ARM
		AppStore|ARM64 = AppStore|ARM64
		AppStore|iPhone = AppStore|iPhone
		AppStore|iPhoneSimulator = AppStore|iPhoneSimulator
		AppStore|x64 = AppStore|x64
		Debug|Any CPU = Debug|Any CPU
		Debug|ARM = Debug|ARM
		Debug|ARM64 = Debug|ARM64
		Debug|iPhone = Debug|iPhone
		Debug|iPhoneSimulator = Debug|iPhoneSimulator
		Debug|x64 = Debug|x64
		Release|Any CPU = Release|Any CPU
		Release|ARM = Release|ARM
		Release|ARM64 = Release|ARM64
		Release|iPhone = Release|iPhone
		Release|iPhoneSimulator = Release|iPhoneSimulator
		Release|x64 = Release|x64
	EndGlobalSection
	GlobalSection(ProjectConfigurationPlatforms) = postSolution
		{DF3538E4-C4FA-4E00-BB21-CF5EA1D55327}.Ad-Hoc|Any CPU.ActiveCfg = Release|Any CPU
		{DF3538E4-C4FA-4E00-BB21-CF5EA1D55327}.Ad-Hoc|Any CPU.Build.0 = Release|Any CPU
		{DF3538E4-C4FA-4E00-BB21-CF5EA1D55327}.Ad-Hoc|Any CPU.Deploy.0 = Release|Any CPU
		{DF3538E4-C4FA-4E00-BB21-CF5EA1D55327}.Ad-Hoc|ARM.ActiveCfg = Release|Any CPU
		{DF3538E4-C4FA-4E00-BB21-CF5EA1D55327}.Ad-Hoc|ARM.Build.0 = Release|Any CPU
		{DF3538E4-C4FA-4E00-BB21-CF5EA1D55327}.Ad-Hoc|ARM.Deploy.0 = Release|Any CPU
		{DF3538E4-C4FA-4E00-BB21-CF5EA1D55327}.Ad-Hoc|ARM64.ActiveCfg = Release|Any CPU
		{DF3538E4-C4FA-4E00-BB21-CF5EA1D55327}.Ad-Hoc|ARM64.Build.0 = Release|Any CPU
		{DF3538E4-C4FA-4E00-BB21-CF5EA1D55327}.Ad-Hoc|ARM64.Deploy.0 = Release|Any CPU
		{DF3538E4-C4FA-4E00-BB21-CF5EA1D55327}.Ad-Hoc|iPhone.ActiveCfg = Release|Any CPU
		{DF3538E4-C4FA-4E00-BB21-CF5EA1D55327}.Ad-Hoc|iPhone.Build.0 = Release|Any CPU
		{DF3538E4-C4FA-4E00-BB21-CF5EA1D55327}.Ad-Hoc|iPhone.Deploy.0 = Release|Any CPU
		{DF3538E4-C4FA-4E00-BB21-CF5EA1D55327}.Ad-Hoc|iPhoneSimulator.ActiveCfg = Release|Any CPU
		{DF3538E4-C4FA-4E00-BB21-CF5EA1D55327}.Ad-Hoc|iPhoneSimulator.Build.0 = Release|Any CPU
		{DF3538E4-C4FA-4E00-BB21-CF5EA1D55327}.Ad-Hoc|iPhoneSimulator.Deploy.0 = Release|Any CPU
		{DF3538E4-C4FA-4E00-BB21-CF5EA1D55327}.Ad-Hoc|x64.ActiveCfg = Release|Any CPU
		{DF3538E4-C4FA-4E00-BB21-CF5EA1D55327}.Ad-Hoc|x64.Build.0 = Release|Any CPU
		{DF3538E4-C4FA-4E00-BB21-CF5EA1D55327}.Ad-Hoc|x64.Deploy.0 = Release|Any CPU
		{DF3538E4-C4FA-4E00-BB21-CF5EA1D55327}.AppStore|Any CPU.ActiveCfg = Release|Any CPU
		{DF3538E4-C4FA-4E00-BB21-CF5EA1D55327}.AppStore|Any CPU.Build.0 = Release|Any CPU
		{DF3538E4-C4FA-4E00-BB21-CF5EA1D55327}.AppStore|Any CPU.Deploy.0 = Release|Any CPU
		{DF3538E4-C4FA-4E00-BB21-CF5EA1D55327}.AppStore|ARM.ActiveCfg = Release|Any CPU
		{DF3538E4-C4FA-4E00-BB21-CF5EA1D55327}.AppStore|ARM.Build.0 = Release|Any CPU
		{DF3538E4-C4FA-4E00-BB21-CF5EA1D55327}.AppStore|ARM.Deploy.0 = Release|Any CPU
		{DF3538E4-C4FA-4E00-BB21-CF5EA1D55327}.AppStore|ARM64.ActiveCfg = Release|Any CPU
		{DF3538E4-C4FA-4E00-BB21-CF5EA1D55327}.AppStore|ARM64.Build.0 = Release|Any CPU
		{DF3538E4-C4FA-4E00-BB21-CF5EA1D55327}.AppStore|ARM64.Deploy.0 = Release|Any CPU
		{DF3538E4-C4FA-4E00-BB21-CF5EA1D55327}.AppStore|iPhone.ActiveCfg = Release|Any CPU
		{DF3538E4-C4FA-4E00-BB21-CF5EA1D55327}.AppStore|iPhone.Build.0 = Release|Any CPU
		{DF3538E4-C4FA-4E00-BB21-CF5EA1D55327}.AppStore|iPhone.Deploy.0 = Release|Any CPU
		{DF3538E4-C4FA-4E00-BB21-CF5EA1D55327}.AppStore|iPhoneSimulator.ActiveCfg = Release|Any CPU
		{DF3538E4-C4FA-4E00-BB21-CF5EA1D55327}.AppStore|iPhoneSimulator.Build.0 = Release|Any CPU
		{DF3538E4-C4FA-4E00-BB21-CF5EA1D55327}.AppStore|iPhoneSimulator.Deploy.0 = Release|Any CPU
		{DF3538E4-C4FA-4E00-BB21-CF5EA1D55327}.AppStore|x64.ActiveCfg = Release|Any CPU
		{DF3538E4-C4FA-4E00-BB21-CF5EA1D55327}.AppStore|x64.Build.0 = Release|Any CPU
		{DF3538E4-C4FA-4E00-BB21-CF5EA1D55327}.AppStore|x64.Deploy.0 = Release|Any CPU
		{DF3538E4-C4FA-4E00-BB21-CF5EA1D55327}.Debug|Any CPU.ActiveCfg = Debug|Any CPU
		{DF3538E4-C4FA-4E00-BB21-CF5EA1D55327}.Debug|Any CPU.Build.0 = Debug|Any CPU
		{DF3538E4-C4FA-4E00-BB21-CF5EA1D55327}.Debug|Any CPU.Deploy.0 = Debug|Any CPU
		{DF3538E4-C4FA-4E00-BB21-CF5EA1D55327}.Debug|ARM.ActiveCfg = Debug|Any CPU
		{DF3538E4-C4FA-4E00-BB21-CF5EA1D55327}.Debug|ARM.Build.0 = Debug|Any CPU
		{DF3538E4-C4FA-4E00-BB21-CF5EA1D55327}.Debug|ARM.Deploy.0 = Debug|Any CPU
		{DF3538E4-C4FA-4E00-BB21-CF5EA1D55327}.Debug|ARM64.ActiveCfg = Debug|Any CPU
		{DF3538E4-C4FA-4E00-BB21-CF5EA1D55327}.Debug|ARM64.Build.0 = Debug|Any CPU
		{DF3538E4-C4FA-4E00-BB21-CF5EA1D55327}.Debug|ARM64.Deploy.0 = Debug|Any CPU
		{DF3538E4-C4FA-4E00-BB21-CF5EA1D55327}.Debug|iPhone.ActiveCfg = Debug|Any CPU
		{DF3538E4-C4FA-4E00-BB21-CF5EA1D55327}.Debug|iPhone.Build.0 = Debug|Any CPU
		{DF3538E4-C4FA-4E00-BB21-CF5EA1D55327}.Debug|iPhone.Deploy.0 = Debug|Any CPU
		{DF3538E4-C4FA-4E00-BB21-CF5EA1D55327}.Debug|iPhoneSimulator.ActiveCfg = Debug|Any CPU
		{DF3538E4-C4FA-4E00-BB21-CF5EA1D55327}.Debug|iPhoneSimulator.Build.0 = Debug|Any CPU
		{DF3538E4-C4FA-4E00-BB21-CF5EA1D55327}.Debug|iPhoneSimulator.Deploy.0 = Debug|Any CPU
		{DF3538E4-C4FA-4E00-BB21-CF5EA1D55327}.Debug|x64.ActiveCfg = Debug|Any CPU
		{DF3538E4-C4FA-4E00-BB21-CF5EA1D55327}.Debug|x64.Build.0 = Debug|Any CPU
		{DF3538E4-C4FA-4E00-BB21-CF5EA1D55327}.Debug|x64.Deploy.0 = Debug|Any CPU
		{DF3538E4-C4FA-4E00-BB21-CF5EA1D55327}.Release|Any CPU.ActiveCfg = Release|Any CPU
		{DF3538E4-C4FA-4E00-BB21-CF5EA1D55327}.Release|Any CPU.Build.0 = Release|Any CPU
		{DF3538E4-C4FA-4E00-BB21-CF5EA1D55327}.Release|Any CPU.Deploy.0 = Release|Any CPU
		{DF3538E4-C4FA-4E00-BB21-CF5EA1D55327}.Release|ARM.ActiveCfg = Release|Any CPU
		{DF3538E4-C4FA-4E00-BB21-CF5EA1D55327}.Release|ARM.Build.0 = Release|Any CPU
		{DF3538E4-C4FA-4E00-BB21-CF5EA1D55327}.Release|ARM.Deploy.0 = Release|Any CPU
		{DF3538E4-C4FA-4E00-BB21-CF5EA1D55327}.Release|ARM64.ActiveCfg = Release|Any CPU
		{DF3538E4-C4FA-4E00-BB21-CF5EA1D55327}.Release|ARM64.Build.0 = Release|Any CPU
		{DF3538E4-C4FA-4E00-BB21-CF5EA1D55327}.Release|ARM64.Deploy.0 = Release|Any CPU
		{DF3538E4-C4FA-4E00-BB21-CF5EA1D55327}.Release|iPhone.ActiveCfg = Release|Any CPU
		{DF3538E4-C4FA-4E00-BB21-CF5EA1D55327}.Release|iPhone.Build.0 = Release|Any CPU
		{DF3538E4-C4FA-4E00-BB21-CF5EA1D55327}.Release|iPhone.Deploy.0 = Release|Any CPU
		{DF3538E4-C4FA-4E00-BB21-CF5EA1D55327}.Release|iPhoneSimulator.ActiveCfg = Release|Any CPU
		{DF3538E4-C4FA-4E00-BB21-CF5EA1D55327}.Release|iPhoneSimulator.Build.0 = Release|Any CPU
		{DF3538E4-C4FA-4E00-BB21-CF5EA1D55327}.Release|iPhoneSimulator.Deploy.0 = Release|Any CPU
		{DF3538E4-C4FA-4E00-BB21-CF5EA1D55327}.Release|x64.ActiveCfg = Release|Any CPU
		{DF3538E4-C4FA-4E00-BB21-CF5EA1D55327}.Release|x64.Build.0 = Release|Any CPU
		{DF3538E4-C4FA-4E00-BB21-CF5EA1D55327}.Release|x64.Deploy.0 = Release|Any CPU
		{0DD2419C-F11F-40DF-B578-FB0C64D44C83}.Ad-Hoc|Any CPU.ActiveCfg = Ad-Hoc|iPhone
		{0DD2419C-F11F-40DF-B578-FB0C64D44C83}.Ad-Hoc|ARM.ActiveCfg = Ad-Hoc|iPhone
		{0DD2419C-F11F-40DF-B578-FB0C64D44C83}.Ad-Hoc|ARM64.ActiveCfg = Ad-Hoc|iPhone
		{0DD2419C-F11F-40DF-B578-FB0C64D44C83}.Ad-Hoc|iPhone.ActiveCfg = Ad-Hoc|iPhone
		{0DD2419C-F11F-40DF-B578-FB0C64D44C83}.Ad-Hoc|iPhone.Build.0 = Ad-Hoc|iPhone
		{0DD2419C-F11F-40DF-B578-FB0C64D44C83}.Ad-Hoc|iPhoneSimulator.ActiveCfg = Ad-Hoc|iPhoneSimulator
		{0DD2419C-F11F-40DF-B578-FB0C64D44C83}.Ad-Hoc|iPhoneSimulator.Build.0 = Ad-Hoc|iPhoneSimulator
		{0DD2419C-F11F-40DF-B578-FB0C64D44C83}.Ad-Hoc|x64.ActiveCfg = Ad-Hoc|iPhone
		{0DD2419C-F11F-40DF-B578-FB0C64D44C83}.AppStore|Any CPU.ActiveCfg = AppStore|iPhone
		{0DD2419C-F11F-40DF-B578-FB0C64D44C83}.AppStore|ARM.ActiveCfg = AppStore|iPhone
		{0DD2419C-F11F-40DF-B578-FB0C64D44C83}.AppStore|ARM64.ActiveCfg = AppStore|iPhone
		{0DD2419C-F11F-40DF-B578-FB0C64D44C83}.AppStore|iPhone.ActiveCfg = AppStore|iPhone
		{0DD2419C-F11F-40DF-B578-FB0C64D44C83}.AppStore|iPhone.Build.0 = AppStore|iPhone
		{0DD2419C-F11F-40DF-B578-FB0C64D44C83}.AppStore|iPhoneSimulator.ActiveCfg = AppStore|iPhoneSimulator
		{0DD2419C-F11F-40DF-B578-FB0C64D44C83}.AppStore|iPhoneSimulator.Build.0 = AppStore|iPhoneSimulator
		{0DD2419C-F11F-40DF-B578-FB0C64D44C83}.AppStore|x64.ActiveCfg = AppStore|iPhone
		{0DD2419C-F11F-40DF-B578-FB0C64D44C83}.Debug|Any CPU.ActiveCfg = Debug|iPhone
		{0DD2419C-F11F-40DF-B578-FB0C64D44C83}.Debug|ARM.ActiveCfg = Debug|iPhone
		{0DD2419C-F11F-40DF-B578-FB0C64D44C83}.Debug|ARM64.ActiveCfg = Debug|iPhone
		{0DD2419C-F11F-40DF-B578-FB0C64D44C83}.Debug|iPhone.ActiveCfg = Debug|iPhone
		{0DD2419C-F11F-40DF-B578-FB0C64D44C83}.Debug|iPhone.Build.0 = Debug|iPhone
		{0DD2419C-F11F-40DF-B578-FB0C64D44C83}.Debug|iPhoneSimulator.ActiveCfg = Debug|iPhoneSimulator
		{0DD2419C-F11F-40DF-B578-FB0C64D44C83}.Debug|iPhoneSimulator.Build.0 = Debug|iPhoneSimulator
		{0DD2419C-F11F-40DF-B578-FB0C64D44C83}.Debug|x64.ActiveCfg = Debug|iPhone
		{0DD2419C-F11F-40DF-B578-FB0C64D44C83}.Release|Any CPU.ActiveCfg = Release|iPhone
		{0DD2419C-F11F-40DF-B578-FB0C64D44C83}.Release|ARM.ActiveCfg = Release|iPhone
		{0DD2419C-F11F-40DF-B578-FB0C64D44C83}.Release|ARM64.ActiveCfg = Release|iPhone
		{0DD2419C-F11F-40DF-B578-FB0C64D44C83}.Release|iPhone.ActiveCfg = Release|iPhone
		{0DD2419C-F11F-40DF-B578-FB0C64D44C83}.Release|iPhone.Build.0 = Release|iPhone
		{0DD2419C-F11F-40DF-B578-FB0C64D44C83}.Release|iPhoneSimulator.ActiveCfg = Release|iPhoneSimulator
		{0DD2419C-F11F-40DF-B578-FB0C64D44C83}.Release|iPhoneSimulator.Build.0 = Release|iPhoneSimulator
		{0DD2419C-F11F-40DF-B578-FB0C64D44C83}.Release|x64.ActiveCfg = Release|iPhone
		{B569E40D-6ABA-4E60-BD1F-E531A72D855E}.Ad-Hoc|Any CPU.ActiveCfg = Release|x64
		{B569E40D-6ABA-4E60-BD1F-E531A72D855E}.Ad-Hoc|Any CPU.Build.0 = Release|x64
		{B569E40D-6ABA-4E60-BD1F-E531A72D855E}.Ad-Hoc|Any CPU.Deploy.0 = Release|x64
		{B569E40D-6ABA-4E60-BD1F-E531A72D855E}.Ad-Hoc|ARM.ActiveCfg = Release|ARM
		{B569E40D-6ABA-4E60-BD1F-E531A72D855E}.Ad-Hoc|ARM.Build.0 = Release|ARM
		{B569E40D-6ABA-4E60-BD1F-E531A72D855E}.Ad-Hoc|ARM.Deploy.0 = Release|ARM
		{B569E40D-6ABA-4E60-BD1F-E531A72D855E}.Ad-Hoc|ARM64.ActiveCfg = Release|ARM64
		{B569E40D-6ABA-4E60-BD1F-E531A72D855E}.Ad-Hoc|ARM64.Build.0 = Release|ARM64
		{B569E40D-6ABA-4E60-BD1F-E531A72D855E}.Ad-Hoc|ARM64.Deploy.0 = Release|ARM64
		{B569E40D-6ABA-4E60-BD1F-E531A72D855E}.Ad-Hoc|iPhone.ActiveCfg = Release|x64
		{B569E40D-6ABA-4E60-BD1F-E531A72D855E}.Ad-Hoc|iPhone.Build.0 = Release|x64
		{B569E40D-6ABA-4E60-BD1F-E531A72D855E}.Ad-Hoc|iPhone.Deploy.0 = Release|x64
		{B569E40D-6ABA-4E60-BD1F-E531A72D855E}.Ad-Hoc|iPhoneSimulator.ActiveCfg = Release|x64
		{B569E40D-6ABA-4E60-BD1F-E531A72D855E}.Ad-Hoc|iPhoneSimulator.Build.0 = Release|x64
		{B569E40D-6ABA-4E60-BD1F-E531A72D855E}.Ad-Hoc|iPhoneSimulator.Deploy.0 = Release|x64
		{B569E40D-6ABA-4E60-BD1F-E531A72D855E}.Ad-Hoc|x64.ActiveCfg = Release|x64
		{B569E40D-6ABA-4E60-BD1F-E531A72D855E}.Ad-Hoc|x64.Build.0 = Release|x64
		{B569E40D-6ABA-4E60-BD1F-E531A72D855E}.Ad-Hoc|x64.Deploy.0 = Release|x64
		{B569E40D-6ABA-4E60-BD1F-E531A72D855E}.AppStore|Any CPU.ActiveCfg = Release|x64
		{B569E40D-6ABA-4E60-BD1F-E531A72D855E}.AppStore|Any CPU.Build.0 = Release|x64
		{B569E40D-6ABA-4E60-BD1F-E531A72D855E}.AppStore|Any CPU.Deploy.0 = Release|x64
		{B569E40D-6ABA-4E60-BD1F-E531A72D855E}.AppStore|ARM.ActiveCfg = Release|ARM
		{B569E40D-6ABA-4E60-BD1F-E531A72D855E}.AppStore|ARM.Build.0 = Release|ARM
		{B569E40D-6ABA-4E60-BD1F-E531A72D855E}.AppStore|ARM.Deploy.0 = Release|ARM
		{B569E40D-6ABA-4E60-BD1F-E531A72D855E}.AppStore|ARM64.ActiveCfg = Release|ARM64
		{B569E40D-6ABA-4E60-BD1F-E531A72D855E}.AppStore|ARM64.Build.0 = Release|ARM64
		{B569E40D-6ABA-4E60-BD1F-E531A72D855E}.AppStore|ARM64.Deploy.0 = Release|ARM64
		{B569E40D-6ABA-4E60-BD1F-E531A72D855E}.AppStore|iPhone.ActiveCfg = Release|x64
		{B569E40D-6ABA-4E60-BD1F-E531A72D855E}.AppStore|iPhone.Build.0 = Release|x64
		{B569E40D-6ABA-4E60-BD1F-E531A72D855E}.AppStore|iPhone.Deploy.0 = Release|x64
		{B569E40D-6ABA-4E60-BD1F-E531A72D855E}.AppStore|iPhoneSimulator.ActiveCfg = Release|x64
		{B569E40D-6ABA-4E60-BD1F-E531A72D855E}.AppStore|iPhoneSimulator.Build.0 = Release|x64
		{B569E40D-6ABA-4E60-BD1F-E531A72D855E}.AppStore|iPhoneSimulator.Deploy.0 = Release|x64
		{B569E40D-6ABA-4E60-BD1F-E531A72D855E}.AppStore|x64.ActiveCfg = Release|x64
		{B569E40D-6ABA-4E60-BD1F-E531A72D855E}.AppStore|x64.Build.0 = Release|x64
		{B569E40D-6ABA-4E60-BD1F-E531A72D855E}.AppStore|x64.Deploy.0 = Release|x64
		{B569E40D-6ABA-4E60-BD1F-E531A72D855E}.Debug|Any CPU.ActiveCfg = Debug|x64
		{B569E40D-6ABA-4E60-BD1F-E531A72D855E}.Debug|ARM.ActiveCfg = Debug|ARM
		{B569E40D-6ABA-4E60-BD1F-E531A72D855E}.Debug|ARM.Build.0 = Debug|ARM
		{B569E40D-6ABA-4E60-BD1F-E531A72D855E}.Debug|ARM.Deploy.0 = Debug|ARM
		{B569E40D-6ABA-4E60-BD1F-E531A72D855E}.Debug|ARM64.ActiveCfg = Debug|ARM64
		{B569E40D-6ABA-4E60-BD1F-E531A72D855E}.Debug|ARM64.Build.0 = Debug|ARM64
		{B569E40D-6ABA-4E60-BD1F-E531A72D855E}.Debug|ARM64.Deploy.0 = Debug|ARM64
		{B569E40D-6ABA-4E60-BD1F-E531A72D855E}.Debug|iPhone.ActiveCfg = Debug|x86
		{B569E40D-6ABA-4E60-BD1F-E531A72D855E}.Debug|iPhoneSimulator.ActiveCfg = Debug|x86
		{B569E40D-6ABA-4E60-BD1F-E531A72D855E}.Debug|x64.ActiveCfg = Debug|x64
		{B569E40D-6ABA-4E60-BD1F-E531A72D855E}.Debug|x64.Build.0 = Debug|x64
		{B569E40D-6ABA-4E60-BD1F-E531A72D855E}.Debug|x64.Deploy.0 = Debug|x64
		{B569E40D-6ABA-4E60-BD1F-E531A72D855E}.Release|Any CPU.ActiveCfg = Release|x86
		{B569E40D-6ABA-4E60-BD1F-E531A72D855E}.Release|ARM.ActiveCfg = Release|ARM
		{B569E40D-6ABA-4E60-BD1F-E531A72D855E}.Release|ARM.Build.0 = Release|ARM
		{B569E40D-6ABA-4E60-BD1F-E531A72D855E}.Release|ARM.Deploy.0 = Release|ARM
		{B569E40D-6ABA-4E60-BD1F-E531A72D855E}.Release|ARM64.ActiveCfg = Release|ARM64
		{B569E40D-6ABA-4E60-BD1F-E531A72D855E}.Release|ARM64.Build.0 = Release|ARM64
		{B569E40D-6ABA-4E60-BD1F-E531A72D855E}.Release|ARM64.Deploy.0 = Release|ARM64
		{B569E40D-6ABA-4E60-BD1F-E531A72D855E}.Release|iPhone.ActiveCfg = Release|x86
		{B569E40D-6ABA-4E60-BD1F-E531A72D855E}.Release|iPhoneSimulator.ActiveCfg = Release|x86
		{B569E40D-6ABA-4E60-BD1F-E531A72D855E}.Release|x64.ActiveCfg = Release|x64
		{B569E40D-6ABA-4E60-BD1F-E531A72D855E}.Release|x64.Build.0 = Release|x64
		{B569E40D-6ABA-4E60-BD1F-E531A72D855E}.Release|x64.Deploy.0 = Release|x64
		{3E2F8638-0862-424E-BEC2-7D6C2D9B817C}.Ad-Hoc|Any CPU.ActiveCfg = Debug|Any CPU
		{3E2F8638-0862-424E-BEC2-7D6C2D9B817C}.Ad-Hoc|Any CPU.Build.0 = Debug|Any CPU
		{3E2F8638-0862-424E-BEC2-7D6C2D9B817C}.Ad-Hoc|ARM.ActiveCfg = Debug|Any CPU
		{3E2F8638-0862-424E-BEC2-7D6C2D9B817C}.Ad-Hoc|ARM.Build.0 = Debug|Any CPU
		{3E2F8638-0862-424E-BEC2-7D6C2D9B817C}.Ad-Hoc|ARM64.ActiveCfg = Debug|Any CPU
		{3E2F8638-0862-424E-BEC2-7D6C2D9B817C}.Ad-Hoc|ARM64.Build.0 = Debug|Any CPU
		{3E2F8638-0862-424E-BEC2-7D6C2D9B817C}.Ad-Hoc|iPhone.ActiveCfg = Debug|Any CPU
		{3E2F8638-0862-424E-BEC2-7D6C2D9B817C}.Ad-Hoc|iPhone.Build.0 = Debug|Any CPU
		{3E2F8638-0862-424E-BEC2-7D6C2D9B817C}.Ad-Hoc|iPhoneSimulator.ActiveCfg = Debug|Any CPU
		{3E2F8638-0862-424E-BEC2-7D6C2D9B817C}.Ad-Hoc|iPhoneSimulator.Build.0 = Debug|Any CPU
		{3E2F8638-0862-424E-BEC2-7D6C2D9B817C}.Ad-Hoc|x64.ActiveCfg = Debug|Any CPU
		{3E2F8638-0862-424E-BEC2-7D6C2D9B817C}.Ad-Hoc|x64.Build.0 = Debug|Any CPU
		{3E2F8638-0862-424E-BEC2-7D6C2D9B817C}.AppStore|Any CPU.ActiveCfg = Debug|Any CPU
		{3E2F8638-0862-424E-BEC2-7D6C2D9B817C}.AppStore|Any CPU.Build.0 = Debug|Any CPU
		{3E2F8638-0862-424E-BEC2-7D6C2D9B817C}.AppStore|ARM.ActiveCfg = Debug|Any CPU
		{3E2F8638-0862-424E-BEC2-7D6C2D9B817C}.AppStore|ARM.Build.0 = Debug|Any CPU
		{3E2F8638-0862-424E-BEC2-7D6C2D9B817C}.AppStore|ARM64.ActiveCfg = Debug|Any CPU
		{3E2F8638-0862-424E-BEC2-7D6C2D9B817C}.AppStore|ARM64.Build.0 = Debug|Any CPU
		{3E2F8638-0862-424E-BEC2-7D6C2D9B817C}.AppStore|iPhone.ActiveCfg = Debug|Any CPU
		{3E2F8638-0862-424E-BEC2-7D6C2D9B817C}.AppStore|iPhone.Build.0 = Debug|Any CPU
		{3E2F8638-0862-424E-BEC2-7D6C2D9B817C}.AppStore|iPhoneSimulator.ActiveCfg = Debug|Any CPU
		{3E2F8638-0862-424E-BEC2-7D6C2D9B817C}.AppStore|iPhoneSimulator.Build.0 = Debug|Any CPU
		{3E2F8638-0862-424E-BEC2-7D6C2D9B817C}.AppStore|x64.ActiveCfg = Debug|Any CPU
		{3E2F8638-0862-424E-BEC2-7D6C2D9B817C}.AppStore|x64.Build.0 = Debug|Any CPU
		{3E2F8638-0862-424E-BEC2-7D6C2D9B817C}.Debug|Any CPU.ActiveCfg = Debug|Any CPU
		{3E2F8638-0862-424E-BEC2-7D6C2D9B817C}.Debug|Any CPU.Build.0 = Debug|Any CPU
		{3E2F8638-0862-424E-BEC2-7D6C2D9B817C}.Debug|ARM.ActiveCfg = Debug|Any CPU
		{3E2F8638-0862-424E-BEC2-7D6C2D9B817C}.Debug|ARM.Build.0 = Debug|Any CPU
		{3E2F8638-0862-424E-BEC2-7D6C2D9B817C}.Debug|ARM64.ActiveCfg = Debug|Any CPU
		{3E2F8638-0862-424E-BEC2-7D6C2D9B817C}.Debug|ARM64.Build.0 = Debug|Any CPU
		{3E2F8638-0862-424E-BEC2-7D6C2D9B817C}.Debug|iPhone.ActiveCfg = Debug|Any CPU
		{3E2F8638-0862-424E-BEC2-7D6C2D9B817C}.Debug|iPhone.Build.0 = Debug|Any CPU
		{3E2F8638-0862-424E-BEC2-7D6C2D9B817C}.Debug|iPhoneSimulator.ActiveCfg = Debug|Any CPU
		{3E2F8638-0862-424E-BEC2-7D6C2D9B817C}.Debug|iPhoneSimulator.Build.0 = Debug|Any CPU
		{3E2F8638-0862-424E-BEC2-7D6C2D9B817C}.Debug|x64.ActiveCfg = Debug|Any CPU
		{3E2F8638-0862-424E-BEC2-7D6C2D9B817C}.Debug|x64.Build.0 = Debug|Any CPU
		{3E2F8638-0862-424E-BEC2-7D6C2D9B817C}.Release|Any CPU.ActiveCfg = Release|Any CPU
		{3E2F8638-0862-424E-BEC2-7D6C2D9B817C}.Release|Any CPU.Build.0 = Release|Any CPU
		{3E2F8638-0862-424E-BEC2-7D6C2D9B817C}.Release|ARM.ActiveCfg = Release|Any CPU
		{3E2F8638-0862-424E-BEC2-7D6C2D9B817C}.Release|ARM.Build.0 = Release|Any CPU
		{3E2F8638-0862-424E-BEC2-7D6C2D9B817C}.Release|ARM64.ActiveCfg = Release|Any CPU
		{3E2F8638-0862-424E-BEC2-7D6C2D9B817C}.Release|ARM64.Build.0 = Release|Any CPU
		{3E2F8638-0862-424E-BEC2-7D6C2D9B817C}.Release|iPhone.ActiveCfg = Release|Any CPU
		{3E2F8638-0862-424E-BEC2-7D6C2D9B817C}.Release|iPhone.Build.0 = Release|Any CPU
		{3E2F8638-0862-424E-BEC2-7D6C2D9B817C}.Release|iPhoneSimulator.ActiveCfg = Release|Any CPU
		{3E2F8638-0862-424E-BEC2-7D6C2D9B817C}.Release|iPhoneSimulator.Build.0 = Release|Any CPU
		{3E2F8638-0862-424E-BEC2-7D6C2D9B817C}.Release|x64.ActiveCfg = Release|Any CPU
		{3E2F8638-0862-424E-BEC2-7D6C2D9B817C}.Release|x64.Build.0 = Release|Any CPU
	EndGlobalSection
	GlobalSection(SolutionProperties) = preSolution
		HideSolutionNode = FALSE
	EndGlobalSection
	GlobalSection(ExtensibilityGlobals) = postSolution
		SolutionGuid = {5DEF4E68-B85F-417D-919C-5AEAFB24C366}
	EndGlobalSection
EndGlobal
